# generated by rye
# use `rye lock` or `rye sync` to update this lockfile
#
# last locked with the following flags:
#   pre: false
#   features: []
#   all-features: true
#   with-sources: false

-e file:.
anyio==4.12.1
    # via httpx
certifi==2026.1.4
    # via httpcore
    # via httpx
h11==0.16.0
    # via httpcore
httpcore==1.0.9
    # via httpx
httpx==0.28.1
    # via rdf4j-python
idna==3.11
    # via anyio
    # via httpx
pyoxigraph==0.5.4
    # via rdf4j-python
pyparsing==3.3.2
    # via rdflib
rdflib==7.5.0
    # via sparqlwrapper
sparqlwrapper==2.0.0
    # via rdf4j-python
typing-extensions==4.15.0
    # via anyio
